
Microsoft Visual Studio Solution File, Format Version 12.00
# Visual Studio 14
VisualStudioVersion = 14.0.25420.1
MinimumVisualStudioVersion = 10.0.40219.1
Project("{FAE04EC0-301F-11D3-BF4B-00C04F79EFBC}") = "01.BaseThread", "2016-08-29\01.BaseThread\01.BaseThread.csproj", "{C325BC52-4C2A-401F-AF85-E2DF6153E7CE}"
EndProject
Project("{2150E333-8FDC-42A3-9474-1A3956D46DE8}") = "2016-08-29", "2016-08-29", "{A182FB72-45B7-40E8-9F42-05C3C9CD184E}"
EndProject
Project("{2150E333-8FDC-42A3-9474-1A3956D46DE8}") = "线程相关", "线程相关", "{3C8B17F5-0C66-4EFF-B9B7-24E41FACCE73}"
EndProject
Project("{FAE04EC0-301F-11D3-BF4B-00C04F79EFBC}") = "02.BackThread", "2016-08-29\02.BackThread\02.BackThread.csproj", "{E09B5E1D-93EA-4651-84EE-2E313AD33434}"
EndProject
Project("{FAE04EC0-301F-11D3-BF4B-00C04F79EFBC}") = "03.MyThreadPool", "2016-08-29\03.MyThreadPool\03.MyThreadPool.csproj", "{A86BB4D5-7568-4DA3-9DEE-C06A86DCB5B3}"
EndProject
Project("{FAE04EC0-301F-11D3-BF4B-00C04F79EFBC}") = "04.TaskA", "2016-08-29\04.TaskThread\04.TaskA.csproj", "{9202EC0A-A6F5-43F3-AF6C-4D8755E7D89F}"
EndProject
Project("{FAE04EC0-301F-11D3-BF4B-00C04F79EFBC}") = "05.TaskB", "2016-08-29\05.TaskB\05.TaskB.csproj", "{3A07A7FD-9BF4-4CE3-B2CA-4012B4A3BC15}"
EndProject
Project("{FAE04EC0-301F-11D3-BF4B-00C04F79EFBC}") = "06.TaskCException", "2016-08-29\06.TaskException\06.TaskCException.csproj", "{623B82E6-397E-4D49-BE3E-5F807294965E}"
EndProject
Project("{FAE04EC0-301F-11D3-BF4B-00C04F79EFBC}") = "07.TaskDContinueWith", "2016-08-29\07.TaskDContinueWith\07.TaskDContinueWith.csproj", "{0527FB70-8C34-4B28-946E-B62242D69466}"
EndProject
Project("{FAE04EC0-301F-11D3-BF4B-00C04F79EFBC}") = "08.TaskEAttachedToParent", "2016-08-29\08.TaskEAttachedToParent\08.TaskEAttachedToParent.csproj", "{00012FC2-820C-4709-892F-BB4D46F8B8A0}"
EndProject
Project("{FAE04EC0-301F-11D3-BF4B-00C04F79EFBC}") = "09.TaskFTaskFactory", "2016-08-29\09.TaskFTaskFactory\09.TaskFTaskFactory.csproj", "{6FBB2395-4AD1-40C7-8081-0876124EBBE2}"
EndProject
Project("{FAE04EC0-301F-11D3-BF4B-00C04F79EFBC}") = "10.TaskGod", "2016-08-29\10.TaskGod\10.TaskGod.csproj", "{87B9190F-70CD-40F0-ACDC-2C6AA133D8E8}"
EndProject
Project("{FAE04EC0-301F-11D3-BF4B-00C04F79EFBC}") = "LoTLib.Word.Split", "2016-09-05\Word.Split\LoTLib.Word.Split.csproj", "{66B08DF8-56F0-494F-BAA1-84AFC0DE895D}"
EndProject
Project("{FAE04EC0-301F-11D3-BF4B-00C04F79EFBC}") = "Test", "2016-09-05\Test\Test.csproj", "{2149BB1F-B13B-405A-A643-B9C0B700906F}"
EndProject
Project("{2150E333-8FDC-42A3-9474-1A3956D46DE8}") = "2016-09-05", "2016-09-05", "{C9BF920F-FC9F-4E00-8256-D1BDA36A05A2}"
	ProjectSection(SolutionItems) = preProject
		2016-09-05\jieba.NET.0.38.2.zip = 2016-09-05\jieba.NET.0.38.2.zip
	EndProjectSection
EndProject
Global
	GlobalSection(SolutionConfigurationPlatforms) = preSolution
		Debug|Any CPU = Debug|Any CPU
		Release|Any CPU = Release|Any CPU
	EndGlobalSection
	GlobalSection(ProjectConfigurationPlatforms) = postSolution
		{C325BC52-4C2A-401F-AF85-E2DF6153E7CE}.Debug|Any CPU.ActiveCfg = Debug|Any CPU
		{C325BC52-4C2A-401F-AF85-E2DF6153E7CE}.Debug|Any CPU.Build.0 = Debug|Any CPU
		{C325BC52-4C2A-401F-AF85-E2DF6153E7CE}.Release|Any CPU.ActiveCfg = Release|Any CPU
		{C325BC52-4C2A-401F-AF85-E2DF6153E7CE}.Release|Any CPU.Build.0 = Release|Any CPU
		{E09B5E1D-93EA-4651-84EE-2E313AD33434}.Debug|Any CPU.ActiveCfg = Debug|Any CPU
		{E09B5E1D-93EA-4651-84EE-2E313AD33434}.Debug|Any CPU.Build.0 = Debug|Any CPU
		{E09B5E1D-93EA-4651-84EE-2E313AD33434}.Release|Any CPU.ActiveCfg = Release|Any CPU
		{E09B5E1D-93EA-4651-84EE-2E313AD33434}.Release|Any CPU.Build.0 = Release|Any CPU
		{A86BB4D5-7568-4DA3-9DEE-C06A86DCB5B3}.Debug|Any CPU.ActiveCfg = Debug|Any CPU
		{A86BB4D5-7568-4DA3-9DEE-C06A86DCB5B3}.Debug|Any CPU.Build.0 = Debug|Any CPU
		{A86BB4D5-7568-4DA3-9DEE-C06A86DCB5B3}.Release|Any CPU.ActiveCfg = Release|Any CPU
		{A86BB4D5-7568-4DA3-9DEE-C06A86DCB5B3}.Release|Any CPU.Build.0 = Release|Any CPU
		{9202EC0A-A6F5-43F3-AF6C-4D8755E7D89F}.Debug|Any CPU.ActiveCfg = Debug|Any CPU
		{9202EC0A-A6F5-43F3-AF6C-4D8755E7D89F}.Debug|Any CPU.Build.0 = Debug|Any CPU
		{9202EC0A-A6F5-43F3-AF6C-4D8755E7D89F}.Release|Any CPU.ActiveCfg = Release|Any CPU
		{9202EC0A-A6F5-43F3-AF6C-4D8755E7D89F}.Release|Any CPU.Build.0 = Release|Any CPU
		{3A07A7FD-9BF4-4CE3-B2CA-4012B4A3BC15}.Debug|Any CPU.ActiveCfg = Debug|Any CPU
		{3A07A7FD-9BF4-4CE3-B2CA-4012B4A3BC15}.Debug|Any CPU.Build.0 = Debug|Any CPU
		{3A07A7FD-9BF4-4CE3-B2CA-4012B4A3BC15}.Release|Any CPU.ActiveCfg = Release|Any CPU
		{3A07A7FD-9BF4-4CE3-B2CA-4012B4A3BC15}.Release|Any CPU.Build.0 = Release|Any CPU
		{623B82E6-397E-4D49-BE3E-5F807294965E}.Debug|Any CPU.ActiveCfg = Debug|Any CPU
		{623B82E6-397E-4D49-BE3E-5F807294965E}.Debug|Any CPU.Build.0 = Debug|Any CPU
		{623B82E6-397E-4D49-BE3E-5F807294965E}.Release|Any CPU.ActiveCfg = Release|Any CPU
		{623B82E6-397E-4D49-BE3E-5F807294965E}.Release|Any CPU.Build.0 = Release|Any CPU
		{0527FB70-8C34-4B28-946E-B62242D69466}.Debug|Any CPU.ActiveCfg = Debug|Any CPU
		{0527FB70-8C34-4B28-946E-B62242D69466}.Debug|Any CPU.Build.0 = Debug|Any CPU
		{0527FB70-8C34-4B28-946E-B62242D69466}.Release|Any CPU.ActiveCfg = Release|Any CPU
		{0527FB70-8C34-4B28-946E-B62242D69466}.Release|Any CPU.Build.0 = Release|Any CPU
		{00012FC2-820C-4709-892F-BB4D46F8B8A0}.Debug|Any CPU.ActiveCfg = Debug|Any CPU
		{00012FC2-820C-4709-892F-BB4D46F8B8A0}.Debug|Any CPU.Build.0 = Debug|Any CPU
		{00012FC2-820C-4709-892F-BB4D46F8B8A0}.Release|Any CPU.ActiveCfg = Release|Any CPU
		{00012FC2-820C-4709-892F-BB4D46F8B8A0}.Release|Any CPU.Build.0 = Release|Any CPU
		{6FBB2395-4AD1-40C7-8081-0876124EBBE2}.Debug|Any CPU.ActiveCfg = Debug|Any CPU
		{6FBB2395-4AD1-40C7-8081-0876124EBBE2}.Debug|Any CPU.Build.0 = Debug|Any CPU
		{6FBB2395-4AD1-40C7-8081-0876124EBBE2}.Release|Any CPU.ActiveCfg = Release|Any CPU
		{6FBB2395-4AD1-40C7-8081-0876124EBBE2}.Release|Any CPU.Build.0 = Release|Any CPU
		{87B9190F-70CD-40F0-ACDC-2C6AA133D8E8}.Debug|Any CPU.ActiveCfg = Debug|Any CPU
		{87B9190F-70CD-40F0-ACDC-2C6AA133D8E8}.Debug|Any CPU.Build.0 = Debug|Any CPU
		{87B9190F-70CD-40F0-ACDC-2C6AA133D8E8}.Release|Any CPU.ActiveCfg = Release|Any CPU
		{87B9190F-70CD-40F0-ACDC-2C6AA133D8E8}.Release|Any CPU.Build.0 = Release|Any CPU
		{66B08DF8-56F0-494F-BAA1-84AFC0DE895D}.Debug|Any CPU.ActiveCfg = Debug|Any CPU
		{66B08DF8-56F0-494F-BAA1-84AFC0DE895D}.Debug|Any CPU.Build.0 = Debug|Any CPU
		{66B08DF8-56F0-494F-BAA1-84AFC0DE895D}.Release|Any CPU.ActiveCfg = Release|Any CPU
		{66B08DF8-56F0-494F-BAA1-84AFC0DE895D}.Release|Any CPU.Build.0 = Release|Any CPU
		{2149BB1F-B13B-405A-A643-B9C0B700906F}.Debug|Any CPU.ActiveCfg = Debug|Any CPU
		{2149BB1F-B13B-405A-A643-B9C0B700906F}.Debug|Any CPU.Build.0 = Debug|Any CPU
		{2149BB1F-B13B-405A-A643-B9C0B700906F}.Release|Any CPU.ActiveCfg = Release|Any CPU
		{2149BB1F-B13B-405A-A643-B9C0B700906F}.Release|Any CPU.Build.0 = Release|Any CPU
	EndGlobalSection
	GlobalSection(SolutionProperties) = preSolution
		HideSolutionNode = FALSE
	EndGlobalSection
	GlobalSection(NestedProjects) = preSolution
		{C325BC52-4C2A-401F-AF85-E2DF6153E7CE} = {3C8B17F5-0C66-4EFF-B9B7-24E41FACCE73}
		{3C8B17F5-0C66-4EFF-B9B7-24E41FACCE73} = {A182FB72-45B7-40E8-9F42-05C3C9CD184E}
		{E09B5E1D-93EA-4651-84EE-2E313AD33434} = {3C8B17F5-0C66-4EFF-B9B7-24E41FACCE73}
		{A86BB4D5-7568-4DA3-9DEE-C06A86DCB5B3} = {3C8B17F5-0C66-4EFF-B9B7-24E41FACCE73}
		{9202EC0A-A6F5-43F3-AF6C-4D8755E7D89F} = {3C8B17F5-0C66-4EFF-B9B7-24E41FACCE73}
		{3A07A7FD-9BF4-4CE3-B2CA-4012B4A3BC15} = {3C8B17F5-0C66-4EFF-B9B7-24E41FACCE73}
		{623B82E6-397E-4D49-BE3E-5F807294965E} = {3C8B17F5-0C66-4EFF-B9B7-24E41FACCE73}
		{0527FB70-8C34-4B28-946E-B62242D69466} = {3C8B17F5-0C66-4EFF-B9B7-24E41FACCE73}
		{00012FC2-820C-4709-892F-BB4D46F8B8A0} = {3C8B17F5-0C66-4EFF-B9B7-24E41FACCE73}
		{6FBB2395-4AD1-40C7-8081-0876124EBBE2} = {3C8B17F5-0C66-4EFF-B9B7-24E41FACCE73}
		{87B9190F-70CD-40F0-ACDC-2C6AA133D8E8} = {3C8B17F5-0C66-4EFF-B9B7-24E41FACCE73}
		{66B08DF8-56F0-494F-BAA1-84AFC0DE895D} = {C9BF920F-FC9F-4E00-8256-D1BDA36A05A2}
		{2149BB1F-B13B-405A-A643-B9C0B700906F} = {C9BF920F-FC9F-4E00-8256-D1BDA36A05A2}
	EndGlobalSection
EndGlobal
